
Microsoft Visual Studio Solution File, Format Version 12.00
# Visual Studio Version 17
VisualStudioVersion = 17.14.36408.4 d17.14
MinimumVisualStudioVersion = 10.0.40219.1
Project("{FAE04EC0-301F-11D3-BF4B-00C04F79EFBC}") = "newltweb", "newltweb.csproj", "{4306B2D4-A590-4B26-A699-C4751449A340}"
EndProject
Global
	GlobalSection(SolutionConfigurationPlatforms) = preSolution
		Debug|Any CPU = Debug|Any CPU
		Release|Any CPU = Release|Any CPU
	EndGlobalSection
	GlobalSection(ProjectConfigurationPlatforms) = postSolution
		{4306B2D4-A590-4B26-A699-C4751449A340}.Debug|Any CPU.ActiveCfg = Debug|Any CPU
		{4306B2D4-A590-4B26-A699-C4751449A340}.Debug|Any CPU.Build.0 = Debug|Any CPU
		{4306B2D4-A590-4B26-A699-C4751449A340}.Release|Any CPU.ActiveCfg = Release|Any CPU
		{4306B2D4-A590-4B26-A699-C4751449A340}.Release|Any CPU.Build.0 = Release|Any CPU
	EndGlobalSection
	GlobalSection(SolutionProperties) = preSolution
		HideSolutionNode = FALSE
	EndGlobalSection
	GlobalSection(ExtensibilityGlobals) = postSolution
		SolutionGuid = {C1EE1CA0-4407-4433-8E83-6329F43F87BE}
	EndGlobalSection
EndGlobal
